
Microsoft Visual Studio Solution File, Format Version 12.00
# Visual Studio Version 16
VisualStudioVersion = 16.0.33130.400
MinimumVisualStudioVersion = 10.0.40219.1
Project("{FAE04EC0-301F-11D3-BF4B-00C04F79EFBC}") = "ATM", "ATM\ATM.csproj", "{648771E5-0A7B-4B62-995D-44F91F07BE67}"
EndProject
Global
	GlobalSection(SolutionConfigurationPlatforms) = preSolution
		Debug|Any CPU = Debug|Any CPU
		Release|Any CPU = Release|Any CPU
	EndGlobalSection
	GlobalSection(ProjectConfigurationPlatforms) = postSolution
		{648771E5-0A7B-4B62-995D-44F91F07BE67}.Debug|Any CPU.ActiveCfg = Debug|Any CPU
		{648771E5-0A7B-4B62-995D-44F91F07BE67}.Debug|Any CPU.Build.0 = Debug|Any CPU
		{648771E5-0A7B-4B62-995D-44F91F07BE67}.Release|Any CPU.ActiveCfg = Release|Any CPU
		{648771E5-0A7B-4B62-995D-44F91F07BE67}.Release|Any CPU.Build.0 = Release|Any CPU
	EndGlobalSection
	GlobalSection(SolutionProperties) = preSolution
		HideSolutionNode = FALSE
	EndGlobalSection
	GlobalSection(ExtensibilityGlobals) = postSolution
		SolutionGuid = {47997729-277E-43EE-9ED4-DA5489254C23}
	EndGlobalSection
EndGlobal
